
Microsoft Visual Studio Solution File, Format Version 12.00
# Visual Studio Version 17
VisualStudioVersion = 17.14.36401.2 d17.14
MinimumVisualStudioVersion = 10.0.40219.1
Project("{FAE04EC0-301F-11D3-BF4B-00C04F79EFBC}") = "enums", "enums\enums.csproj", "{C7D69FDB-9371-49F8-AEED-C6E138624BDC}"
EndProject
Global
	GlobalSection(SolutionConfigurationPlatforms) = preSolution
		Debug|Any CPU = Debug|Any CPU
		Release|Any CPU = Release|Any CPU
	EndGlobalSection
	GlobalSection(ProjectConfigurationPlatforms) = postSolution
		{C7D69FDB-9371-49F8-AEED-C6E138624BDC}.Debug|Any CPU.ActiveCfg = Debug|Any CPU
		{C7D69FDB-9371-49F8-AEED-C6E138624BDC}.Debug|Any CPU.Build.0 = Debug|Any CPU
		{C7D69FDB-9371-49F8-AEED-C6E138624BDC}.Release|Any CPU.ActiveCfg = Release|Any CPU
		{C7D69FDB-9371-49F8-AEED-C6E138624BDC}.Release|Any CPU.Build.0 = Release|Any CPU
	EndGlobalSection
	GlobalSection(SolutionProperties) = preSolution
		HideSolutionNode = FALSE
	EndGlobalSection
	GlobalSection(ExtensibilityGlobals) = postSolution
		SolutionGuid = {DB1E0458-7F6E-4AFE-974A-8FF83A41EF25}
	EndGlobalSection
EndGlobal
