
Microsoft Visual Studio Solution File, Format Version 12.00
# Visual Studio Version 17
VisualStudioVersion = 17.14.36401.2 d17.14
MinimumVisualStudioVersion = 10.0.40219.1
Project("{FAE04EC0-301F-11D3-BF4B-00C04F79EFBC}") = "inheritance", "inheritance\inheritance.csproj", "{7C1CFD5D-995B-417A-8EE9-93AEAC3CAD04}"
EndProject
Global
	GlobalSection(SolutionConfigurationPlatforms) = preSolution
		Debug|Any CPU = Debug|Any CPU
		Release|Any CPU = Release|Any CPU
	EndGlobalSection
	GlobalSection(ProjectConfigurationPlatforms) = postSolution
		{7C1CFD5D-995B-417A-8EE9-93AEAC3CAD04}.Debug|Any CPU.ActiveCfg = Debug|Any CPU
		{7C1CFD5D-995B-417A-8EE9-93AEAC3CAD04}.Debug|Any CPU.Build.0 = Debug|Any CPU
		{7C1CFD5D-995B-417A-8EE9-93AEAC3CAD04}.Release|Any CPU.ActiveCfg = Release|Any CPU
		{7C1CFD5D-995B-417A-8EE9-93AEAC3CAD04}.Release|Any CPU.Build.0 = Release|Any CPU
	EndGlobalSection
	GlobalSection(SolutionProperties) = preSolution
		HideSolutionNode = FALSE
	EndGlobalSection
	GlobalSection(ExtensibilityGlobals) = postSolution
		SolutionGuid = {66952C77-5912-45BA-B4FA-00E054AC597E}
	EndGlobalSection
EndGlobal
