
Microsoft Visual Studio Solution File, Format Version 12.00
# Visual Studio Version 17
VisualStudioVersion = 17.14.36401.2 d17.14
MinimumVisualStudioVersion = 10.0.40219.1
Project("{FAE04EC0-301F-11D3-BF4B-00C04F79EFBC}") = "classes", "classes\classes.csproj", "{C1580EC4-00BA-40B1-9B5C-CB87521B6279}"
EndProject
Global
	GlobalSection(SolutionConfigurationPlatforms) = preSolution
		Debug|Any CPU = Debug|Any CPU
		Release|Any CPU = Release|Any CPU
	EndGlobalSection
	GlobalSection(ProjectConfigurationPlatforms) = postSolution
		{C1580EC4-00BA-40B1-9B5C-CB87521B6279}.Debug|Any CPU.ActiveCfg = Debug|Any CPU
		{C1580EC4-00BA-40B1-9B5C-CB87521B6279}.Debug|Any CPU.Build.0 = Debug|Any CPU
		{C1580EC4-00BA-40B1-9B5C-CB87521B6279}.Release|Any CPU.ActiveCfg = Release|Any CPU
		{C1580EC4-00BA-40B1-9B5C-CB87521B6279}.Release|Any CPU.Build.0 = Release|Any CPU
	EndGlobalSection
	GlobalSection(SolutionProperties) = preSolution
		HideSolutionNode = FALSE
	EndGlobalSection
	GlobalSection(ExtensibilityGlobals) = postSolution
		SolutionGuid = {1C58046F-782D-4315-BA6A-CD9B23E64DBC}
	EndGlobalSection
EndGlobal
