
Microsoft Visual Studio Solution File, Format Version 12.00
# Visual Studio Version 17
VisualStudioVersion = 17.14.36401.2 d17.14
MinimumVisualStudioVersion = 10.0.40219.1
Project("{FAE04EC0-301F-11D3-BF4B-00C04F79EFBC}") = "mathClass", "mathClass\mathClass.csproj", "{0F8584F8-CA15-4FB0-B896-696EA66BA9FB}"
EndProject
Global
	GlobalSection(SolutionConfigurationPlatforms) = preSolution
		Debug|Any CPU = Debug|Any CPU
		Release|Any CPU = Release|Any CPU
	EndGlobalSection
	GlobalSection(ProjectConfigurationPlatforms) = postSolution
		{0F8584F8-CA15-4FB0-B896-696EA66BA9FB}.Debug|Any CPU.ActiveCfg = Debug|Any CPU
		{0F8584F8-CA15-4FB0-B896-696EA66BA9FB}.Debug|Any CPU.Build.0 = Debug|Any CPU
		{0F8584F8-CA15-4FB0-B896-696EA66BA9FB}.Release|Any CPU.ActiveCfg = Release|Any CPU
		{0F8584F8-CA15-4FB0-B896-696EA66BA9FB}.Release|Any CPU.Build.0 = Release|Any CPU
	EndGlobalSection
	GlobalSection(SolutionProperties) = preSolution
		HideSolutionNode = FALSE
	EndGlobalSection
	GlobalSection(ExtensibilityGlobals) = postSolution
		SolutionGuid = {E0B9E6C3-C85A-494A-9B2C-1CEAAA417EE7}
	EndGlobalSection
EndGlobal
