
Microsoft Visual Studio Solution File, Format Version 12.00
# Visual Studio Version 17
VisualStudioVersion = 17.14.36401.2 d17.14
MinimumVisualStudioVersion = 10.0.40219.1
Project("{FAE04EC0-301F-11D3-BF4B-00C04F79EFBC}") = "paramsKeyword", "paramsKeyword\paramsKeyword.csproj", "{0371C860-CC04-4746-A1AB-EB685687A1D0}"
EndProject
Global
	GlobalSection(SolutionConfigurationPlatforms) = preSolution
		Debug|Any CPU = Debug|Any CPU
		Release|Any CPU = Release|Any CPU
	EndGlobalSection
	GlobalSection(ProjectConfigurationPlatforms) = postSolution
		{0371C860-CC04-4746-A1AB-EB685687A1D0}.Debug|Any CPU.ActiveCfg = Debug|Any CPU
		{0371C860-CC04-4746-A1AB-EB685687A1D0}.Debug|Any CPU.Build.0 = Debug|Any CPU
		{0371C860-CC04-4746-A1AB-EB685687A1D0}.Release|Any CPU.ActiveCfg = Release|Any CPU
		{0371C860-CC04-4746-A1AB-EB685687A1D0}.Release|Any CPU.Build.0 = Release|Any CPU
	EndGlobalSection
	GlobalSection(SolutionProperties) = preSolution
		HideSolutionNode = FALSE
	EndGlobalSection
	GlobalSection(ExtensibilityGlobals) = postSolution
		SolutionGuid = {54C16965-D398-4AFB-B878-E1558ED14CF9}
	EndGlobalSection
EndGlobal
