
Microsoft Visual Studio Solution File, Format Version 12.00
# Visual Studio Version 17
VisualStudioVersion = 17.14.36401.2 d17.14
MinimumVisualStudioVersion = 10.0.40219.1
Project("{FAE04EC0-301F-11D3-BF4B-00C04F79EFBC}") = "gettersAndSetters", "gettersAndSetters\gettersAndSetters.csproj", "{A2BE76CE-3F85-4010-B2A2-5E9C413CA19E}"
EndProject
Global
	GlobalSection(SolutionConfigurationPlatforms) = preSolution
		Debug|Any CPU = Debug|Any CPU
		Release|Any CPU = Release|Any CPU
	EndGlobalSection
	GlobalSection(ProjectConfigurationPlatforms) = postSolution
		{A2BE76CE-3F85-4010-B2A2-5E9C413CA19E}.Debug|Any CPU.ActiveCfg = Debug|Any CPU
		{A2BE76CE-3F85-4010-B2A2-5E9C413CA19E}.Debug|Any CPU.Build.0 = Debug|Any CPU
		{A2BE76CE-3F85-4010-B2A2-5E9C413CA19E}.Release|Any CPU.ActiveCfg = Release|Any CPU
		{A2BE76CE-3F85-4010-B2A2-5E9C413CA19E}.Release|Any CPU.Build.0 = Release|Any CPU
	EndGlobalSection
	GlobalSection(SolutionProperties) = preSolution
		HideSolutionNode = FALSE
	EndGlobalSection
	GlobalSection(ExtensibilityGlobals) = postSolution
		SolutionGuid = {DAB760A6-4D77-41A2-B84B-1D84B0104B2B}
	EndGlobalSection
EndGlobal
