
Microsoft Visual Studio Solution File, Format Version 12.00
# Visual Studio Version 17
VisualStudioVersion = 17.14.36401.2 d17.14
MinimumVisualStudioVersion = 10.0.40219.1
Project("{FAE04EC0-301F-11D3-BF4B-00C04F79EFBC}") = "forLoops", "forLoops\forLoops.csproj", "{CD19E454-62F4-433E-B2C2-E170EC48F2FA}"
EndProject
Global
	GlobalSection(SolutionConfigurationPlatforms) = preSolution
		Debug|Any CPU = Debug|Any CPU
		Release|Any CPU = Release|Any CPU
	EndGlobalSection
	GlobalSection(ProjectConfigurationPlatforms) = postSolution
		{CD19E454-62F4-433E-B2C2-E170EC48F2FA}.Debug|Any CPU.ActiveCfg = Debug|Any CPU
		{CD19E454-62F4-433E-B2C2-E170EC48F2FA}.Debug|Any CPU.Build.0 = Debug|Any CPU
		{CD19E454-62F4-433E-B2C2-E170EC48F2FA}.Release|Any CPU.ActiveCfg = Release|Any CPU
		{CD19E454-62F4-433E-B2C2-E170EC48F2FA}.Release|Any CPU.Build.0 = Release|Any CPU
	EndGlobalSection
	GlobalSection(SolutionProperties) = preSolution
		HideSolutionNode = FALSE
	EndGlobalSection
	GlobalSection(ExtensibilityGlobals) = postSolution
		SolutionGuid = {7E9D602E-D49F-4730-A811-993161CACFA2}
	EndGlobalSection
EndGlobal
